{
    "_readme": [
        "This file locks the dependencies of your project to a known state",
        "Read more about it at http://getcomposer.org/doc/01-basic-usage.md#composer-lock-the-lock-file",
        "This file is @generated automatically"
    ],
    "hash": "af30f28cefdf77f7b10bfbe060589ae6",
    "packages": [
        {
            "name": "nosto/php-sdk",
            "version": "1.4.0",
            "source": {
                "type": "git",
                "url": "https://github.com/Nosto/php-sdk.git",
                "reference": "900abe619ff982e518b15b82b30a9834094a7426"
            },
            "dist": {
                "type": "zip",
                "url": "https://api.github.com/repos/Nosto/php-sdk/zipball/900abe619ff982e518b15b82b30a9834094a7426",
                "reference": "900abe619ff982e518b15b82b30a9834094a7426",
                "shasum": ""
            },
            "require-dev": {
                "codeception/codeception": "@stable",
                "codeception/specify": "@stable"
            },
            "type": "library",
            "license": [
                "BSD-3-Clause"
            ],
            "description": "PHP SDK for developing Nosto modules for e-commerce platforms",
            "support": {
                "source": "https://github.com/Nosto/php-sdk/tree/1.4.0",
                "issues": "https://github.com/Nosto/php-sdk/issues"
            },
            "time": "2015-02-10 15:14:49"
        }
    ],
    "packages-dev": [],
    "aliases": [],
    "minimum-stability": "stable",
    "stability-flags": [],
    "prefer-stable": false,
    "platform": [],
    "platform-dev": []
}
