{
    "_readme": [
        "This file locks the dependencies of your project to a known state",
        "Read more about it at https://getcomposer.org/doc/01-basic-usage.md#composer-lock-the-lock-file",
        "This file is @generated automatically"
    ],
    "hash": "33f1995a382add10c0c7f726c56c32fc",
    "content-hash": "46a6a3b440c3dad0169e917fb760d1d1",
    "packages": [
        {
            "name": "nosto/php-sdk",
            "version": "2.4.3",
            "source": {
                "type": "git",
                "url": "https://github.com/Nosto/php-sdk.git",
                "reference": "49a52c1c0c7db5c75e16ff4929141c32ddd29e03"
            },
            "dist": {
                "type": "zip",
                "url": "https://api.github.com/repos/Nosto/php-sdk/zipball/49a52c1c0c7db5c75e16ff4929141c32ddd29e03",
                "reference": "49a52c1c0c7db5c75e16ff4929141c32ddd29e03",
                "shasum": ""
            },
            "require-dev": {
                "codeception/aspect-mock": "0.5.3",
                "codeception/codeception": "2.0.0",
                "codeception/specify": "0.4.1"
            },
            "type": "library",
            "autoload": {
                "classmap": [
                    "src/",
                    "src/Account",
                    "src/Account/Meta",
                    "src/Api",
                    "src/Cart",
                    "src/Country",
                    "src/Currency",
                    "src/Currency/Exchange",
                    "src/Currency/Exchange/Rate",
                    "src/Date",
                    "src/Export",
                    "src/Export/Collection",
                    "src/Formatter",
                    "src/Helper",
                    "src/Http",
                    "src/Http/Request",
                    "src/Http/Request/Adapter",
                    "src/Language",
                    "src/Oauth",
                    "src/Order",
                    "src/Price",
                    "src/Product",
                    "src/Service",
                    "lib/phpseclib/Crypt",
                    "lib/phpseclib/Math"
                ],
                "files": [
                    "bootstrap.php"
                ]
            },
            "license": [
                "BSD-3-Clause"
            ],
            "description": "PHP SDK for developing Nosto modules for e-commerce platforms",
            "support": {
                "source": "https://github.com/Nosto/php-sdk/tree/2.4.3",
                "issues": "https://github.com/Nosto/php-sdk/issues"
            },
            "time": "2016-04-08 10:04:49"
        }
    ],
    "packages-dev": [
        {
            "name": "mridang/magazine",
            "version": "dev-master",
            "source": {
                "type": "git",
                "url": "https://github.com/mridang/magazine.git",
                "reference": "2e60e7a57ee6d9ab805414aaa6a108721c8424db"
            },
            "dist": {
                "type": "zip",
                "url": "https://api.github.com/repos/mridang/magazine/zipball/2e60e7a57ee6d9ab805414aaa6a108721c8424db",
                "reference": "2e60e7a57ee6d9ab805414aaa6a108721c8424db",
                "shasum": ""
            },
            "require": {
                "php": "^5.3.2 || ^7.0",
                "symfony/console": "^2.5 || ^3.0"
            },
            "bin": [
                "bin/magazine"
            ],
            "type": "library",
            "extra": {
                "branch-alias": {
                    "dev-master": "1.0-dev"
                }
            },
            "autoload": {
                "psr-4": {
                    "Magazine\\": "src/Magazine"
                }
            },
            "license": [
                "MIT"
            ],
            "authors": [
                {
                    "name": "Mridang Agarwalla",
                    "email": "mridang.agarwalla+magazine@gmail.com"
                }
            ],
            "description": "Magazine helps you automatically package extensions for Magento 1.x",
            "homepage": "https://github.com/mridang/magazine",
            "keywords": [
                "magento",
                "package"
            ],
            "support": {
                "issues": "https://github.com/mridang/magazine/issues",
                "source": "https://github.com/mridang/magazine/tree/master"
            },
            "time": "2016-03-18 16:24:35"
        },
        {
            "name": "symfony/console",
            "version": "v3.0.4",
            "source": {
                "type": "git",
                "url": "https://github.com/symfony/console.git",
                "reference": "6b1175135bc2a74c08a28d89761272de8beed8cd"
            },
            "dist": {
                "type": "zip",
                "url": "https://api.github.com/repos/symfony/console/zipball/6b1175135bc2a74c08a28d89761272de8beed8cd",
                "reference": "6b1175135bc2a74c08a28d89761272de8beed8cd",
                "shasum": ""
            },
            "require": {
                "php": ">=5.5.9",
                "symfony/polyfill-mbstring": "~1.0"
            },
            "require-dev": {
                "psr/log": "~1.0",
                "symfony/event-dispatcher": "~2.8|~3.0",
                "symfony/process": "~2.8|~3.0"
            },
            "suggest": {
                "psr/log": "For using the console logger",
                "symfony/event-dispatcher": "",
                "symfony/process": ""
            },
            "type": "library",
            "extra": {
                "branch-alias": {
                    "dev-master": "3.0-dev"
                }
            },
            "autoload": {
                "psr-4": {
                    "Symfony\\Component\\Console\\": ""
                },
                "exclude-from-classmap": [
                    "/Tests/"
                ]
            },
            "notification-url": "https://packagist.org/downloads/",
            "license": [
                "MIT"
            ],
            "authors": [
                {
                    "name": "Fabien Potencier",
                    "email": "fabien@symfony.com"
                },
                {
                    "name": "Symfony Community",
                    "homepage": "https://symfony.com/contributors"
                }
            ],
            "description": "Symfony Console Component",
            "homepage": "https://symfony.com",
            "time": "2016-03-16 17:00:50"
        },
        {
            "name": "symfony/polyfill-mbstring",
            "version": "v1.1.1",
            "source": {
                "type": "git",
                "url": "https://github.com/symfony/polyfill-mbstring.git",
                "reference": "1289d16209491b584839022f29257ad859b8532d"
            },
            "dist": {
                "type": "zip",
                "url": "https://api.github.com/repos/symfony/polyfill-mbstring/zipball/1289d16209491b584839022f29257ad859b8532d",
                "reference": "1289d16209491b584839022f29257ad859b8532d",
                "shasum": ""
            },
            "require": {
                "php": ">=5.3.3"
            },
            "suggest": {
                "ext-mbstring": "For best performance"
            },
            "type": "library",
            "extra": {
                "branch-alias": {
                    "dev-master": "1.1-dev"
                }
            },
            "autoload": {
                "psr-4": {
                    "Symfony\\Polyfill\\Mbstring\\": ""
                },
                "files": [
                    "bootstrap.php"
                ]
            },
            "notification-url": "https://packagist.org/downloads/",
            "license": [
                "MIT"
            ],
            "authors": [
                {
                    "name": "Nicolas Grekas",
                    "email": "p@tchwork.com"
                },
                {
                    "name": "Symfony Community",
                    "homepage": "https://symfony.com/contributors"
                }
            ],
            "description": "Symfony polyfill for the Mbstring extension",
            "homepage": "https://symfony.com",
            "keywords": [
                "compatibility",
                "mbstring",
                "polyfill",
                "portable",
                "shim"
            ],
            "time": "2016-01-20 09:13:37"
        }
    ],
    "aliases": [],
    "minimum-stability": "stable",
    "stability-flags": {
        "mridang/magazine": 20
    },
    "prefer-stable": false,
    "prefer-lowest": false,
    "platform": [],
    "platform-dev": []
}
